
Microsoft Visual Studio Solution File, Format Version 12.00
# Visual Studio Version 17
VisualStudioVersion = 17.5.33414.496
MinimumVisualStudioVersion = 10.0.40219.1
Project("{FAE04EC0-301F-11D3-BF4B-00C04F79EFBC}") = "28.4", "28.4\28.4.csproj", "{C2054E69-CD86-4F08-921A-4F5EA7ECC9EA}"
EndProject
Global
	GlobalSection(SolutionConfigurationPlatforms) = preSolution
		Debug|Any CPU = Debug|Any CPU
		Release|Any CPU = Release|Any CPU
	EndGlobalSection
	GlobalSection(ProjectConfigurationPlatforms) = postSolution
		{C2054E69-CD86-4F08-921A-4F5EA7ECC9EA}.Debug|Any CPU.ActiveCfg = Debug|Any CPU
		{C2054E69-CD86-4F08-921A-4F5EA7ECC9EA}.Debug|Any CPU.Build.0 = Debug|Any CPU
		{C2054E69-CD86-4F08-921A-4F5EA7ECC9EA}.Release|Any CPU.ActiveCfg = Release|Any CPU
		{C2054E69-CD86-4F08-921A-4F5EA7ECC9EA}.Release|Any CPU.Build.0 = Release|Any CPU
	EndGlobalSection
	GlobalSection(SolutionProperties) = preSolution
		HideSolutionNode = FALSE
	EndGlobalSection
	GlobalSection(ExtensibilityGlobals) = postSolution
		SolutionGuid = {3D4DC5EF-6CAF-43FB-A521-E01F9D261220}
	EndGlobalSection
EndGlobal
